
Microsoft Visual Studio Solution File, Format Version 12.00
# Visual Studio Version 16
VisualStudioVersion = 16.0.29201.188
MinimumVisualStudioVersion = 10.0.40219.1
Project("{FAE04EC0-301F-11D3-BF4B-00C04F79EFBC}") = "MOD_API", "MOD_API\MOD_API.csproj", "{4B448C1B-3823-48E6-A910-354C67FA18BA}"
EndProject
Project("{FAE04EC0-301F-11D3-BF4B-00C04F79EFBC}") = "MOD_BAL", "MOD_BAL\MOD_BAL.csproj", "{4034D3BA-C0F2-4D38-9535-797A1E6C5AE8}"
EndProject
Project("{FAE04EC0-301F-11D3-BF4B-00C04F79EFBC}") = "MOD_DATA", "MOD_DATA\MOD_DATA.csproj", "{9B2049F7-85BD-4857-BD30-D3BCA8BAB816}"
EndProject
Project("{FAE04EC0-301F-11D3-BF4B-00C04F79EFBC}") = "MOD_TEST", "MOD_TEST\MOD_TEST.csproj", "{02E6B59B-E9AE-46FE-8779-DD7AD100BD0C}"
EndProject
Global
	GlobalSection(SolutionConfigurationPlatforms) = preSolution
		Debug|Any CPU = Debug|Any CPU
		Release|Any CPU = Release|Any CPU
	EndGlobalSection
	GlobalSection(ProjectConfigurationPlatforms) = postSolution
		{4B448C1B-3823-48E6-A910-354C67FA18BA}.Debug|Any CPU.ActiveCfg = Debug|Any CPU
		{4B448C1B-3823-48E6-A910-354C67FA18BA}.Debug|Any CPU.Build.0 = Debug|Any CPU
		{4B448C1B-3823-48E6-A910-354C67FA18BA}.Release|Any CPU.ActiveCfg = Release|Any CPU
		{4B448C1B-3823-48E6-A910-354C67FA18BA}.Release|Any CPU.Build.0 = Release|Any CPU
		{4034D3BA-C0F2-4D38-9535-797A1E6C5AE8}.Debug|Any CPU.ActiveCfg = Debug|Any CPU
		{4034D3BA-C0F2-4D38-9535-797A1E6C5AE8}.Debug|Any CPU.Build.0 = Debug|Any CPU
		{4034D3BA-C0F2-4D38-9535-797A1E6C5AE8}.Release|Any CPU.ActiveCfg = Release|Any CPU
		{4034D3BA-C0F2-4D38-9535-797A1E6C5AE8}.Release|Any CPU.Build.0 = Release|Any CPU
		{9B2049F7-85BD-4857-BD30-D3BCA8BAB816}.Debug|Any CPU.ActiveCfg = Debug|Any CPU
		{9B2049F7-85BD-4857-BD30-D3BCA8BAB816}.Debug|Any CPU.Build.0 = Debug|Any CPU
		{9B2049F7-85BD-4857-BD30-D3BCA8BAB816}.Release|Any CPU.ActiveCfg = Release|Any CPU
		{9B2049F7-85BD-4857-BD30-D3BCA8BAB816}.Release|Any CPU.Build.0 = Release|Any CPU
		{02E6B59B-E9AE-46FE-8779-DD7AD100BD0C}.Debug|Any CPU.ActiveCfg = Debug|Any CPU
		{02E6B59B-E9AE-46FE-8779-DD7AD100BD0C}.Debug|Any CPU.Build.0 = Debug|Any CPU
		{02E6B59B-E9AE-46FE-8779-DD7AD100BD0C}.Release|Any CPU.ActiveCfg = Release|Any CPU
		{02E6B59B-E9AE-46FE-8779-DD7AD100BD0C}.Release|Any CPU.Build.0 = Release|Any CPU
	EndGlobalSection
	GlobalSection(SolutionProperties) = preSolution
		HideSolutionNode = FALSE
	EndGlobalSection
	GlobalSection(ExtensibilityGlobals) = postSolution
		SolutionGuid = {AA86D423-E675-469C-97A7-C2867273B195}
	EndGlobalSection
EndGlobal
